
Microsoft Visual Studio Solution File, Format Version 12.00
# Visual Studio Version 17
VisualStudioVersion = 17.2.32519.379
MinimumVisualStudioVersion = 10.0.40219.1
Project("{FAE04EC0-301F-11D3-BF4B-00C04F79EFBC}") = "SD-310-W22SD-Assignment", "SD-310-W22SD-Assignment.csproj", "{D014468A-8E85-4853-9643-27FC28CB2C12}"
EndProject
Global
	GlobalSection(SolutionConfigurationPlatforms) = preSolution
		Debug|Any CPU = Debug|Any CPU
		Release|Any CPU = Release|Any CPU
	EndGlobalSection
	GlobalSection(ProjectConfigurationPlatforms) = postSolution
		{D014468A-8E85-4853-9643-27FC28CB2C12}.Debug|Any CPU.ActiveCfg = Debug|Any CPU
		{D014468A-8E85-4853-9643-27FC28CB2C12}.Debug|Any CPU.Build.0 = Debug|Any CPU
		{D014468A-8E85-4853-9643-27FC28CB2C12}.Release|Any CPU.ActiveCfg = Release|Any CPU
		{D014468A-8E85-4853-9643-27FC28CB2C12}.Release|Any CPU.Build.0 = Release|Any CPU
	EndGlobalSection
	GlobalSection(SolutionProperties) = preSolution
		HideSolutionNode = FALSE
	EndGlobalSection
	GlobalSection(ExtensibilityGlobals) = postSolution
		SolutionGuid = {3189B3C4-8A0A-4B47-B571-47A217692EA8}
	EndGlobalSection
EndGlobal
